
Microsoft Visual Studio Solution File, Format Version 12.00
# Visual Studio 15
VisualStudioVersion = 15.0.27004.2008
MinimumVisualStudioVersion = 10.0.40219.1
Project("{FAE04EC0-301F-11D3-BF4B-00C04F79EFBC}") = "CIS560Project", "CIS560Project\CIS560Project.csproj", "{2F255DC6-93DB-48C3-A0ED-D4E5E3C77D8D}"
EndProject
Global
	GlobalSection(SolutionConfigurationPlatforms) = preSolution
		Debug|Any CPU = Debug|Any CPU
		Release|Any CPU = Release|Any CPU
	EndGlobalSection
	GlobalSection(ProjectConfigurationPlatforms) = postSolution
		{2F255DC6-93DB-48C3-A0ED-D4E5E3C77D8D}.Debug|Any CPU.ActiveCfg = Debug|Any CPU
		{2F255DC6-93DB-48C3-A0ED-D4E5E3C77D8D}.Debug|Any CPU.Build.0 = Debug|Any CPU
		{2F255DC6-93DB-48C3-A0ED-D4E5E3C77D8D}.Release|Any CPU.ActiveCfg = Release|Any CPU
		{2F255DC6-93DB-48C3-A0ED-D4E5E3C77D8D}.Release|Any CPU.Build.0 = Release|Any CPU
	EndGlobalSection
	GlobalSection(SolutionProperties) = preSolution
		HideSolutionNode = FALSE
	EndGlobalSection
	GlobalSection(ExtensibilityGlobals) = postSolution
		SolutionGuid = {E60E4C9B-85A1-495D-B95D-61A95501C7D7}
	EndGlobalSection
EndGlobal
